
Microsoft Visual Studio Solution File, Format Version 12.00
# Visual Studio Version 17
VisualStudioVersion = 17.7.34221.43
MinimumVisualStudioVersion = 10.0.40219.1
Project("{8BC9CEB8-8B4A-11D0-8D11-00A0C91BC942}") = "lilihomework3.1", "lilihomework3.1\lilihomework3.1.vcxproj", "{8B12DEFE-2986-4A7F-A922-33EE3BF4820C}"
EndProject
Global
	GlobalSection(SolutionConfigurationPlatforms) = preSolution
		Debug|x64 = Debug|x64
		Debug|x86 = Debug|x86
		Release|x64 = Release|x64
		Release|x86 = Release|x86
	EndGlobalSection
	GlobalSection(ProjectConfigurationPlatforms) = postSolution
		{8B12DEFE-2986-4A7F-A922-33EE3BF4820C}.Debug|x64.ActiveCfg = Debug|x64
		{8B12DEFE-2986-4A7F-A922-33EE3BF4820C}.Debug|x64.Build.0 = Debug|x64
		{8B12DEFE-2986-4A7F-A922-33EE3BF4820C}.Debug|x86.ActiveCfg = Debug|Win32
		{8B12DEFE-2986-4A7F-A922-33EE3BF4820C}.Debug|x86.Build.0 = Debug|Win32
		{8B12DEFE-2986-4A7F-A922-33EE3BF4820C}.Release|x64.ActiveCfg = Release|x64
		{8B12DEFE-2986-4A7F-A922-33EE3BF4820C}.Release|x64.Build.0 = Release|x64
		{8B12DEFE-2986-4A7F-A922-33EE3BF4820C}.Release|x86.ActiveCfg = Release|Win32
		{8B12DEFE-2986-4A7F-A922-33EE3BF4820C}.Release|x86.Build.0 = Release|Win32
	EndGlobalSection
	GlobalSection(SolutionProperties) = preSolution
		HideSolutionNode = FALSE
	EndGlobalSection
	GlobalSection(ExtensibilityGlobals) = postSolution
		SolutionGuid = {41D67842-162F-4376-BDDE-3D467160F5B0}
	EndGlobalSection
EndGlobal
